// !$*UTF8*$!
{
	archiveVersion = 1;
	classes = {
	};
	objectVersion = 77;
	objects = {

/* Begin PBXContainerItemProxy section */
		DEED44032FCF9C21003F197D /* PBXContainerItemProxy */ = {
			isa = PBXContainerItemProxy;
			containerPortal = DEED43E82FCF9C1F003F197D /* Project object */;
			proxyType = 1;
			remoteGlobalIDString = DEED43EF2FCF9C1F003F197D;
			remoteInfo = RickAndMorty;
		};
		DEED440D2FCF9C21003F197D /* PBXContainerItemProxy */ = {
			isa = PBXContainerItemProxy;
			containerPortal = DEED43E82FCF9C1F003F197D /* Project object */;
			proxyType = 1;
			remoteGlobalIDString = DEED43EF2FCF9C1F003F197D;
			remoteInfo = RickAndMorty;
		};
/* End PBXContainerItemProxy section */

/* Begin PBXFileReference section */
		DEED43F02FCF9C1F003F197D /* RickAndMorty.app */ = {isa = PBXFileReference; explicitFileType = wrapper.application; includeInIndex = 0; path = RickAndMorty.app; sourceTree = BUILT_PRODUCTS_DIR; };
		DEED44022FCF9C21003F197D /* RickAndMortyTests.xctest */ = {isa = PBXFileReference; explicitFileType = wrapper.cfbundle; includeInIndex = 0; path = RickAndMortyTests.xctest; sourceTree = BUILT_PRODUCTS_DIR; };
		DEED440C2FCF9C21003F197D /* RickAndMortyUITests.xctest */ = {isa = PBXFileReference; explicitFileType = wrapper.cfbundle; includeInIndex = 0; path = RickAndMortyUITests.xctest; sourceTree = BUILT_PRODUCTS_DIR; };
/* End PBXFileReference section */

/* Begin PBXFileSystemSynchronizedBuildFileExceptionSet section */
		DECF30A82FD374AE0093DCEC /* Exceptions for "RickAndMorty" folder in "RickAndMorty" target */ = {
			isa = PBXFileSystemSynchronizedBuildFileExceptionSet;
			membershipExceptions = (
				Info.plist,
			);
			target = DEED43EF2FCF9C1F003F197D /* RickAndMorty */;
		};
/* End PBXFileSystemSynchronizedBuildFileExceptionSet section */

/* Begin PBXFileSystemSynchronizedRootGroup section */
		DEED43F22FCF9C1F003F197D /* RickAndMorty */ = {
			isa = PBXFileSystemSynchronizedRootGroup;
			exceptions = (
				DECF30A82FD374AE0093DCEC /* Exceptions for "RickAndMorty" folder in "RickAndMorty" target */,
			);
			path = RickAndMorty;
			sourceTree = "<group>";
		};
		DEED44052FCF9C21003F197D /* RickAndMortyTests */ = {
			isa = PBXFileSystemSynchronizedRootGroup;
			path = RickAndMortyTests;
			sourceTree = "<group>";
		};
		DEED440F2FCF9C21003F197D /* RickAndMortyUITests */ = {
			isa = PBXFileSystemSynchronizedRootGroup;
			path = RickAndMortyUITests;
			sourceTree = "<group>";
		};
/* End PBXFileSystemSynchronizedRootGroup section */

/* Begin PBXFrameworksBuildPhase section */
		DEED43ED2FCF9C1F003F197D /* Frameworks */ = {
			isa = PBXFrameworksBuildPhase;
			buildActionMask = 2147483647;
			files = (
			);
			runOnlyForDeploymentPostprocessing = 0;
		};
		DEED43FF2FCF9C21003F197D /* Frameworks */ = {
			isa = PBXFrameworksBuildPhase;
			buildActionMask = 2147483647;
			files = (
			);
			runOnlyForDeploymentPostprocessing = 0;
		};
		DEED44092FCF9C21003F197D /* Frameworks */ = {
			isa = PBXFrameworksBuildPhase;
			buildActionMask = 2147483647;
			files = (
			);
			runOnlyForDeploymentPostprocessing = 0;
		};
/* End PBXFrameworksBuildPhase section */

/* Begin PBXGroup section */
		DEED43E72FCF9C1F003F197D = {
			isa = PBXGroup;
			children = (
				DEED43F22FCF9C1F003F197D /* RickAndMorty */,
				DEED44052FCF9C21003F197D /* RickAndMortyTests */,
				DEED440F2FCF9C21003F197D /* RickAndMortyUITests */,
				DEED43F12FCF9C1F003F197D /* Products */,
			);
			sourceTree = "<group>";
		};
		DEED43F12FCF9C1F003F197D /* Products */ = {
			isa = PBXGroup;
			children = (
				DEED43F02FCF9C1F003F197D /* RickAndMorty.app */,
				DEED44022FCF9C21003F197D /* RickAndMortyTests.xctest */,
				DEED440C2FCF9C21003F197D /* RickAndMortyUITests.xctest */,
			);
			name = Products;
			sourceTree = "<group>";
		};
/* End PBXGroup section */

/* Begin PBXNativeTarget section */
		DEED43EF2FCF9C1F003F197D /* RickAndMorty */ = {
			isa = PBXNativeTarget;
			buildConfigurationList = DEED44162FCF9C21003F197D /* Build configuration list for PBXNativeTarget "RickAndMorty" */;
			buildPhases = (
				DEED43EC2FCF9C1F003F197D /* Sources */,
				DEED43ED2FCF9C1F003F197D /* Frameworks */,
				DEED43EE2FCF9C1F003F197D /* Resources */,
			);
			buildRules = (
			);
			dependencies = (
			);
			fileSystemSynchronizedGroups = (
				DEED43F22FCF9C1F003F197D /* RickAndMorty */,
			);
			name = RickAndMorty;
			packageProductDependencies = (
			);
			productName = RickAndMorty;
			productReference = DEED43F02FCF9C1F003F197D /* RickAndMorty.app */;
			productType = "com.apple.product-type.application";
		};
		DEED44012FCF9C21003F197D /* RickAndMortyTests */ = {
			isa = PBXNativeTarget;
			buildConfigurationList = DEED44192FCF9C21003F197D /* Build configuration list for PBXNativeTarget "RickAndMortyTests" */;
			buildPhases = (
				DEED43FE2FCF9C21003F197D /* Sources */,
				DEED43FF2FCF9C21003F197D /* Frameworks */,
				DEED44002FCF9C21003F197D /* Resources */,
			);
			buildRules = (
			);
			dependencies = (
				DEED44042FCF9C21003F197D /* PBXTargetDependency */,
			);
			fileSystemSynchronizedGroups = (
				DEED44052FCF9C21003F197D /* RickAndMortyTests */,
			);
			name = RickAndMortyTests;
			packageProductDependencies = (
			);
			productName = RickAndMortyTests;
			productReference = DEED44022FCF9C21003F197D /* RickAndMortyTests.xctest */;
			productType = "com.apple.product-type.bundle.unit-test";
		};
		DEED440B2FCF9C21003F197D /* RickAndMortyUITests */ = {
			isa = PBXNativeTarget;
			buildConfigurationList = DEED441C2FCF9C21003F197D /* Build configuration list for PBXNativeTarget "RickAndMortyUITests" */;
			buildPhases = (
				DEED44082FCF9C21003F197D /* Sources */,
				DEED44092FCF9C21003F197D /* Frameworks */,
				DEED440A2FCF9C21003F197D /* Resources */,
			);
			buildRules = (
			);
			dependencies = (
				DEED440E2FCF9C21003F197D /* PBXTargetDependency */,
			);
			fileSystemSynchronizedGroups = (
				DEED440F2FCF9C21003F197D /* RickAndMortyUITests */,
			);
			name = RickAndMortyUITests;
			packageProductDependencies = (
			);
			productName = RickAndMortyUITests;
			productReference = DEED440C2FCF9C21003F197D /* RickAndMortyUITests.xctest */;
			productType = "com.apple.product-type.bundle.ui-testing";
		};
/* End PBXNativeTarget section */

/* Begin PBXProject section */
		DEED43E82FCF9C1F003F197D /* Project object */ = {
			isa = PBXProject;
			attributes = {
				BuildIndependentTargetsInParallel = 1;
				LastSwiftUpdateCheck = 2640;
				LastUpgradeCheck = 2640;
				TargetAttributes = {
					DEED43EF2FCF9C1F003F197D = {
						CreatedOnToolsVersion = 26.4.1;
					};
					DEED44012FCF9C21003F197D = {
						CreatedOnToolsVersion = 26.4.1;
						TestTargetID = DEED43EF2FCF9C1F003F197D;
					};
					DEED440B2FCF9C21003F197D = {
						CreatedOnToolsVersion = 26.4.1;
						TestTargetID = DEED43EF2FCF9C1F003F197D;
					};
				};
			};
			buildConfigurationList = DEED43EB2FCF9C1F003F197D /* Build configuration list for PBXProject "RickAndMorty" */;
			developmentRegion = en;
			hasScannedForEncodings = 0;
			knownRegions = (
				en,
				Base,
			);
			mainGroup = DEED43E72FCF9C1F003F197D;
			minimizedProjectReferenceProxies = 1;
			preferredProjectObjectVersion = 77;
			productRefGroup = DEED43F12FCF9C1F003F197D /* Products */;
			projectDirPath = "";
			projectRoot = "";
			targets = (
				DEED43EF2FCF9C1F003F197D /* RickAndMorty */,
				DEED44012FCF9C21003F197D /* RickAndMortyTests */,
				DEED440B2FCF9C21003F197D /* RickAndMortyUITests */,
			);
		};
/* End PBXProject section */

/* Begin PBXResourcesBuildPhase section */
		DEED43EE2FCF9C1F003F197D /* Resources */ = {
			isa = PBXResourcesBuildPhase;
			buildActionMask = 2147483647;
			files = (
			);
			runOnlyForDeploymentPostprocessing = 0;
		};
		DEED44002FCF9C21003F197D /* Resources */ = {
			isa = PBXResourcesBuildPhase;
			buildActionMask = 2147483647;
			files = (
			);
			runOnlyForDeploymentPostprocessing = 0;
		};
		DEED440A2FCF9C21003F197D /* Resources */ = {
			isa = PBXResourcesBuildPhase;
			buildActionMask = 2147483647;
			files = (
			);
			runOnlyForDeploymentPostprocessing = 0;
		};
/* End PBXResourcesBuildPhase section */

/* Begin PBXSourcesBuildPhase section */
		DEED43EC2FCF9C1F003F197D /* Sources */ = {
			isa = PBXSourcesBuildPhase;
			buildActionMask = 2147483647;
			files = (
			);
			runOnlyForDeploymentPostprocessing = 0;
		};
		DEED43FE2FCF9C21003F197D /* Sources */ = {
			isa = PBXSourcesBuildPhase;
			buildActionMask = 2147483647;
			files = (
			);
			runOnlyForDeploymentPostprocessing = 0;
		};
		DEED44082FCF9C21003F197D /* Sources */ = {
			isa = PBXSourcesBuildPhase;
			buildActionMask = 2147483647;
			files = (
			);
			runOnlyForDeploymentPostprocessing = 0;
		};
/* End PBXSourcesBuildPhase section */

/* Begin PBXTargetDependency section */
		DEED44042FCF9C21003F197D /* PBXTargetDependency */ = {
			isa = PBXTargetDependency;
			target = DEED43EF2FCF9C1F003F197D /* RickAndMorty */;
			targetProxy = DEED44032FCF9C21003F197D /* PBXContainerItemProxy */;
		};
		DEED440E2FCF9C21003F197D /* PBXTargetDependency */ = {
			isa = PBXTargetDependency;
			target = DEED43EF2FCF9C1F003F197D /* RickAndMorty */;
			targetProxy = DEED440D2FCF9C21003F197D /* PBXContainerItemProxy */;
		};
/* End PBXTargetDependency section */

/* Begin XCBuildConfiguration section */
		DEED44142FCF9C21003F197D /* Debug */ = {
			isa = XCBuildConfiguration;
			buildSettings = {
				ALWAYS_SEARCH_USER_PATHS = NO;
				ASSETCATALOG_COMPILER_GENERATE_SWIFT_ASSET_SYMBOL_EXTENSIONS = YES;
				CLANG_ANALYZER_NONNULL = YES;
				CLANG_ANALYZER_NUMBER_OBJECT_CONVERSION = YES_AGGRESSIVE;
				CLANG_CXX_LANGUAGE_STANDARD = "gnu++20";
				CLANG_ENABLE_MODULES = YES;
				CLANG_ENABLE_OBJC_ARC = YES;
				CLANG_ENABLE_OBJC_WEAK = YES;
				CLANG_WARN_BLOCK_CAPTURE_AUTORELEASING = YES;
				CLANG_WARN_BOOL_CONVERSION = YES;
				CLANG_WARN_COMMA = YES;
				CLANG_WARN_CONSTANT_CONVERSION = YES;
				CLANG_WARN_DEPRECATED_OBJC_IMPLEMENTATIONS = YES;
				CLANG_WARN_DIRECT_OBJC_ISA_USAGE = YES_ERROR;
				CLANG_WARN_DOCUMENTATION_COMMENTS = YES;
				CLANG_WARN_EMPTY_BODY = YES;
				CLANG_WARN_ENUM_CONVERSION = YES;
				CLANG_WARN_INFINITE_RECURSION = YES;
				CLANG_WARN_INT_CONVERSION = YES;
				CLANG_WARN_NON_LITERAL_NULL_CONVERSION = YES;
				CLANG_WARN_OBJC_IMPLICIT_RETAIN_SELF = YES;
				CLANG_WARN_OBJC_LITERAL_CONVERSION = YES;
				CLANG_WARN_OBJC_ROOT_CLASS = YES_ERROR;
				CLANG_WARN_QUOTED_INCLUDE_IN_FRAMEWORK_HEADER = YES;
				CLANG_WARN_RANGE_LOOP_ANALYSIS = YES;
				CLANG_WARN_STRICT_PROTOTYPES = YES;
				CLANG_WARN_SUSPICIOUS_MOVE = YES;
				CLANG_WARN_UNGUARDED_AVAILABILITY = YES_AGGRESSIVE;
				CLANG_WARN_UNREACHABLE_CODE = YES;
				CLANG_WARN__DUPLICATE_METHOD_MATCH = YES;
				COPY_PHASE_STRIP = NO;
				DEBUG_INFORMATION_FORMAT = dwarf;
				DEVELOPMENT_TEAM = AFE4CR4MW3;
				ENABLE_STRICT_OBJC_MSGSEND = YES;
				ENABLE_TESTABILITY = YES;
				ENABLE_USER_SCRIPT_SANDBOXING = YES;
				GCC_C_LANGUAGE_STANDARD = gnu17;
				GCC_DYNAMIC_NO_PIC = NO;
				GCC_NO_COMMON_BLOCKS = YES;
				GCC_OPTIMIZATION_LEVEL = 0;
				GCC_PREPROCESSOR_DEFINITIONS = (
					"DEBUG=1",
					"$(inherited)",
				);
				GCC_WARN_64_TO_32_BIT_CONVERSION = YES;
				GCC_WARN_ABOUT_RETURN_TYPE = YES_ERROR;
				GCC_WARN_UNDECLARED_SELECTOR = YES;
				GCC_WARN_UNINITIALIZED_AUTOS = YES_AGGRESSIVE;
				GCC_WARN_UNUSED_FUNCTION = YES;
				GCC_WARN_UNUSED_VARIABLE = YES;
				IPHONEOS_DEPLOYMENT_TARGET = 26.4;
				LOCALIZATION_PREFERS_STRING_CATALOGS = YES;
				MTL_ENABLE_DEBUG_INFO = INCLUDE_SOURCE;
				MTL_FAST_MATH = YES;
				ONLY_ACTIVE_ARCH = YES;
				SDKROOT = iphoneos;
				SWIFT_ACTIVE_COMPILATION_CONDITIONS = "DEBUG $(inherited)";
				SWIFT_OPTIMIZATION_LEVEL = "-Onone";
			};
			name = Debug;
		};
		DEED44152FCF9C21003F197D /* Release */ = {
			isa = XCBuildConfiguration;
			buildSettings = {
				ALWAYS_SEARCH_USER_PATHS = NO;
				ASSETCATALOG_COMPILER_GENERATE_SWIFT_ASSET_SYMBOL_EXTENSIONS = YES;
				CLANG_ANALYZER_NONNULL = YES;
				CLANG_ANALYZER_NUMBER_OBJECT_CONVERSION = YES_AGGRESSIVE;
				CLANG_CXX_LANGUAGE_STANDARD = "gnu++20";
				CLANG_ENABLE_MODULES = YES;
				CLANG_ENABLE_OBJC_ARC = YES;
				CLANG_ENABLE_OBJC_WEAK = YES;
				CLANG_WARN_BLOCK_CAPTURE_AUTORELEASING = YES;
				CLANG_WARN_BOOL_CONVERSION = YES;
				CLANG_WARN_COMMA = YES;
				CLANG_WARN_CONSTANT_CONVERSION = YES;
				CLANG_WARN_DEPRECATED_OBJC_IMPLEMENTATIONS = YES;
				CLANG_WARN_DIRECT_OBJC_ISA_USAGE = YES_ERROR;
				CLANG_WARN_DOCUMENTATION_COMMENTS = YES;
				CLANG_WARN_EMPTY_BODY = YES;
				CLANG_WARN_ENUM_CONVERSION = YES;
				CLANG_WARN_INFINITE_RECURSION = YES;
				CLANG_WARN_INT_CONVERSION = YES;
				CLANG_WARN_NON_LITERAL_NULL_CONVERSION = YES;
				CLANG_WARN_OBJC_IMPLICIT_RETAIN_SELF = YES;
				CLANG_WARN_OBJC_LITERAL_CONVERSION = YES;
				CLANG_WARN_OBJC_ROOT_CLASS = YES_ERROR;
				CLANG_WARN_QUOTED_INCLUDE_IN_FRAMEWORK_HEADER = YES;
				CLANG_WARN_RANGE_LOOP_ANALYSIS = YES;
				CLANG_WARN_STRICT_PROTOTYPES = YES;
				CLANG_WARN_SUSPICIOUS_MOVE = YES;
				CLANG_WARN_UNGUARDED_AVAILABILITY = YES_AGGRESSIVE;
				CLANG_WARN_UNREACHABLE_CODE = YES;
				CLANG_WARN__DUPLICATE_METHOD_MATCH = YES;
				COPY_PHASE_STRIP = NO;
				DEBUG_INFORMATION_FORMAT = "dwarf-with-dsym";
				DEVELOPMENT_TEAM = AFE4CR4MW3;
				ENABLE_NS_ASSERTIONS = NO;
				ENABLE_STRICT_OBJC_MSGSEND = YES;
				ENABLE_USER_SCRIPT_SANDBOXING = YES;
				GCC_C_LANGUAGE_STANDARD = gnu17;
				GCC_NO_COMMON_BLOCKS = YES;
				GCC_WARN_64_TO_32_BIT_CONVERSION = YES;
				GCC_WARN_ABOUT_RETURN_TYPE = YES_ERROR;
				GCC_WARN_UNDECLARED_SELECTOR = YES;
				GCC_WARN_UNINITIALIZED_AUTOS = YES_AGGRESSIVE;
				GCC_WARN_UNUSED_FUNCTION = YES;
				GCC_WARN_UNUSED_VARIABLE = YES;
				IPHONEOS_DEPLOYMENT_TARGET = 26.4;
				LOCALIZATION_PREFERS_STRING_CATALOGS = YES;
				MTL_ENABLE_DEBUG_INFO = NO;
				MTL_FAST_MATH = YES;
				SDKROOT = iphoneos;
				SWIFT_COMPILATION_MODE = wholemodule;
				VALIDATE_PRODUCT = YES;
			};
			name = Release;
		};
		DEED44172FCF9C21003F197D /* Debug */ = {
			isa = XCBuildConfiguration;
			buildSettings = {
				ASSETCATALOG_COMPILER_APPICON_NAME = AppIcon;
				ASSETCATALOG_COMPILER_GLOBAL_ACCENT_COLOR_NAME = AccentColor;
				CODE_SIGN_STYLE = Automatic;
				CURRENT_PROJECT_VERSION = 1;
				DEVELOPMENT_TEAM = AFE4CR4MW3;
				ENABLE_PREVIEWS = YES;
				GENERATE_INFOPLIST_FILE = YES;
				INFOPLIST_FILE = RickAndMorty/Info.plist;
				INFOPLIST_KEY_NSBluetoothAlwaysUsageDescription = "";
				INFOPLIST_KEY_NSLocalNetworkUsageDescription = "This app uses the local network to find a nearby players for sticker trading.";
				INFOPLIST_KEY_UIApplicationSceneManifest_Generation = YES;
				INFOPLIST_KEY_UIApplicationSupportsIndirectInputEvents = YES;
				INFOPLIST_KEY_UILaunchScreen_Generation = YES;
				INFOPLIST_KEY_UISupportedInterfaceOrientations_iPad = "UIInterfaceOrientationPortrait UIInterfaceOrientationPortraitUpsideDown UIInterfaceOrientationLandscapeLeft UIInterfaceOrientationLandscapeRight";
				INFOPLIST_KEY_UISupportedInterfaceOrientations_iPhone = "UIInterfaceOrientationPortrait UIInterfaceOrientationLandscapeLeft UIInterfaceOrientationLandscapeRight";
				IPHONEOS_DEPLOYMENT_TARGET = 26.0;
				LD_RUNPATH_SEARCH_PATHS = (
					"$(inherited)",
					"@executable_path/Frameworks",
				);
				MARKETING_VERSION = 1.0;
				PRODUCT_BUNDLE_IDENTIFIER = com.sgv.RickAndMorty;
				PRODUCT_NAME = "$(TARGET_NAME)";
				STRING_CATALOG_GENERATE_SYMBOLS = YES;
				SWIFT_APPROACHABLE_CONCURRENCY = YES;
				SWIFT_DEFAULT_ACTOR_ISOLATION = MainActor;
				SWIFT_EMIT_LOC_STRINGS = YES;
				SWIFT_UPCOMING_FEATURE_MEMBER_IMPORT_VISIBILITY = YES;
				SWIFT_VERSION = 5.0;
				TARGETED_DEVICE_FAMILY = "1,2";
			};
			name = Debug;
		};
		DEED44182FCF9C21003F197D /* Release */ = {
			isa = XCBuildConfiguration;
			buildSettings = {
				ASSETCATALOG_COMPILER_APPICON_NAME = AppIcon;
				ASSETCATALOG_COMPILER_GLOBAL_ACCENT_COLOR_NAME = AccentColor;
				CODE_SIGN_STYLE = Automatic;
				CURRENT_PROJECT_VERSION = 1;
				DEVELOPMENT_TEAM = AFE4CR4MW3;
				ENABLE_PREVIEWS = YES;
				GENERATE_INFOPLIST_FILE = YES;
				INFOPLIST_FILE = RickAndMorty/Info.plist;
				INFOPLIST_KEY_NSBluetoothAlwaysUsageDescription = "";
				INFOPLIST_KEY_NSLocalNetworkUsageDescription = "This app uses the local network to find a nearby players for sticker trading.";
				INFOPLIST_KEY_UIApplicationSceneManifest_Generation = YES;
				INFOPLIST_KEY_UIApplicationSupportsIndirectInputEvents = YES;
				INFOPLIST_KEY_UILaunchScreen_Generation = YES;
				INFOPLIST_KEY_UISupportedInterfaceOrientations_iPad = "UIInterfaceOrientationPortrait UIInterfaceOrientationPortraitUpsideDown UIInterfaceOrientationLandscapeLeft UIInterfaceOrientationLandscapeRight";
				INFOPLIST_KEY_UISupportedInterfaceOrientations_iPhone = "UIInterfaceOrientationPortrait UIInterfaceOrientationLandscapeLeft UIInterfaceOrientationLandscapeRight";
				IPHONEOS_DEPLOYMENT_TARGET = 26.0;
				LD_RUNPATH_SEARCH_PATHS = (
					"$(inherited)",
					"@executable_path/Frameworks",
				);
				MARKETING_VERSION = 1.0;
				PRODUCT_BUNDLE_IDENTIFIER = com.sgv.RickAndMorty;
				PRODUCT_NAME = "$(TARGET_NAME)";
				STRING_CATALOG_GENERATE_SYMBOLS = YES;
				SWIFT_APPROACHABLE_CONCURRENCY = YES;
				SWIFT_DEFAULT_ACTOR_ISOLATION = MainActor;
				SWIFT_EMIT_LOC_STRINGS = YES;
				SWIFT_UPCOMING_FEATURE_MEMBER_IMPORT_VISIBILITY = YES;
				SWIFT_VERSION = 5.0;
				TARGETED_DEVICE_FAMILY = "1,2";
			};
			name = Release;
		};
		DEED441A2FCF9C21003F197D /* Debug */ = {
			isa = XCBuildConfiguration;
			buildSettings = {
				BUNDLE_LOADER = "$(TEST_HOST)";
				CODE_SIGN_STYLE = Automatic;
				CURRENT_PROJECT_VERSION = 1;
				DEVELOPMENT_TEAM = AFE4CR4MW3;
				GENERATE_INFOPLIST_FILE = YES;
				IPHONEOS_DEPLOYMENT_TARGET = 26.4;
				MARKETING_VERSION = 1.0;
				PRODUCT_BUNDLE_IDENTIFIER = com.sgv.RickAndMortyTests;
				PRODUCT_NAME = "$(TARGET_NAME)";
				STRING_CATALOG_GENERATE_SYMBOLS = NO;
				SWIFT_APPROACHABLE_CONCURRENCY = YES;
				SWIFT_EMIT_LOC_STRINGS = NO;
				SWIFT_UPCOMING_FEATURE_MEMBER_IMPORT_VISIBILITY = YES;
				SWIFT_VERSION = 5.0;
				TARGETED_DEVICE_FAMILY = "1,2";
				TEST_HOST = "$(BUILT_PRODUCTS_DIR)/RickAndMorty.app/$(BUNDLE_EXECUTABLE_FOLDER_PATH)/RickAndMorty";
			};
			name = Debug;
		};
		DEED441B2FCF9C21003F197D /* Release */ = {
			isa = XCBuildConfiguration;
			buildSettings = {
				BUNDLE_LOADER = "$(TEST_HOST)";
				CODE_SIGN_STYLE = Automatic;
				CURRENT_PROJECT_VERSION = 1;
				DEVELOPMENT_TEAM = AFE4CR4MW3;
				GENERATE_INFOPLIST_FILE = YES;
				IPHONEOS_DEPLOYMENT_TARGET = 26.4;
				MARKETING_VERSION = 1.0;
				PRODUCT_BUNDLE_IDENTIFIER = com.sgv.RickAndMortyTests;
				PRODUCT_NAME = "$(TARGET_NAME)";
				STRING_CATALOG_GENERATE_SYMBOLS = NO;
				SWIFT_APPROACHABLE_CONCURRENCY = YES;
				SWIFT_EMIT_LOC_STRINGS = NO;
				SWIFT_UPCOMING_FEATURE_MEMBER_IMPORT_VISIBILITY = YES;
				SWIFT_VERSION = 5.0;
				TARGETED_DEVICE_FAMILY = "1,2";
				TEST_HOST = "$(BUILT_PRODUCTS_DIR)/RickAndMorty.app/$(BUNDLE_EXECUTABLE_FOLDER_PATH)/RickAndMorty";
			};
			name = Release;
		};
		DEED441D2FCF9C21003F197D /* Debug */ = {
			isa = XCBuildConfiguration;
			buildSettings = {
				CODE_SIGN_STYLE = Automatic;
				CURRENT_PROJECT_VERSION = 1;
				DEVELOPMENT_TEAM = AFE4CR4MW3;
				GENERATE_INFOPLIST_FILE = YES;
				MARKETING_VERSION = 1.0;
				PRODUCT_BUNDLE_IDENTIFIER = com.sgv.RickAndMortyUITests;
				PRODUCT_NAME = "$(TARGET_NAME)";
				STRING_CATALOG_GENERATE_SYMBOLS = NO;
				SWIFT_APPROACHABLE_CONCURRENCY = YES;
				SWIFT_EMIT_LOC_STRINGS = NO;
				SWIFT_UPCOMING_FEATURE_MEMBER_IMPORT_VISIBILITY = YES;
				SWIFT_VERSION = 5.0;
				TARGETED_DEVICE_FAMILY = "1,2";
				TEST_TARGET_NAME = RickAndMorty;
			};
			name = Debug;
		};
		DEED441E2FCF9C21003F197D /* Release */ = {
			isa = XCBuildConfiguration;
			buildSettings = {
				CODE_SIGN_STYLE = Automatic;
				CURRENT_PROJECT_VERSION = 1;
				DEVELOPMENT_TEAM = AFE4CR4MW3;
				GENERATE_INFOPLIST_FILE = YES;
				MARKETING_VERSION = 1.0;
				PRODUCT_BUNDLE_IDENTIFIER = com.sgv.RickAndMortyUITests;
				PRODUCT_NAME = "$(TARGET_NAME)";
				STRING_CATALOG_GENERATE_SYMBOLS = NO;
				SWIFT_APPROACHABLE_CONCURRENCY = YES;
				SWIFT_EMIT_LOC_STRINGS = NO;
				SWIFT_UPCOMING_FEATURE_MEMBER_IMPORT_VISIBILITY = YES;
				SWIFT_VERSION = 5.0;
				TARGETED_DEVICE_FAMILY = "1,2";
				TEST_TARGET_NAME = RickAndMorty;
			};
			name = Release;
		};
/* End XCBuildConfiguration section */

/* Begin XCConfigurationList section */
		DEED43EB2FCF9C1F003F197D /* Build configuration list for PBXProject "RickAndMorty" */ = {
			isa = XCConfigurationList;
			buildConfigurations = (
				DEED44142FCF9C21003F197D /* Debug */,
				DEED44152FCF9C21003F197D /* Release */,
			);
			defaultConfigurationIsVisible = 0;
			defaultConfigurationName = Release;
		};
		DEED44162FCF9C21003F197D /* Build configuration list for PBXNativeTarget "RickAndMorty" */ = {
			isa = XCConfigurationList;
			buildConfigurations = (
				DEED44172FCF9C21003F197D /* Debug */,
				DEED44182FCF9C21003F197D /* Release */,
			);
			defaultConfigurationIsVisible = 0;
			defaultConfigurationName = Release;
		};
		DEED44192FCF9C21003F197D /* Build configuration list for PBXNativeTarget "RickAndMortyTests" */ = {
			isa = XCConfigurationList;
			buildConfigurations = (
				DEED441A2FCF9C21003F197D /* Debug */,
				DEED441B2FCF9C21003F197D /* Release */,
			);
			defaultConfigurationIsVisible = 0;
			defaultConfigurationName = Release;
		};
		DEED441C2FCF9C21003F197D /* Build configuration list for PBXNativeTarget "RickAndMortyUITests" */ = {
			isa = XCConfigurationList;
			buildConfigurations = (
				DEED441D2FCF9C21003F197D /* Debug */,
				DEED441E2FCF9C21003F197D /* Release */,
			);
			defaultConfigurationIsVisible = 0;
			defaultConfigurationName = Release;
		};
/* End XCConfigurationList section */
	};
	rootObject = DEED43E82FCF9C1F003F197D /* Project object */;
}
